PODS:
  - AEPEventhub (0.0.1):
    - AEPServices
    - SwiftRulesEngine
  - AEPServices (0.0.1)
  - SwiftRulesEngine (0.0.1)

DEPENDENCIES:
  - "AEPEventhub (from `git@github.com:shalehaha/aepsdk-core-ios.git`, branch `cocoapod`)"
  - "AEPServices (from `git@github.com:shalehaha/aepsdk-core-ios.git`, branch `cocoapod`)"
  - "SwiftRulesEngine (from `git@github.com:shalehaha/aepsdk-rulesengine-ios.git`, branch `dev`)"

EXTERNAL SOURCES:
  AEPEventhub:
    :branch: cocoapod
    :git: "git@github.com:shalehaha/aepsdk-core-ios.git"
  AEPServices:
    :branch: cocoapod
    :git: "git@github.com:shalehaha/aepsdk-core-ios.git"
  SwiftRulesEngine:
    :branch: dev
    :git: "git@github.com:shalehaha/aepsdk-rulesengine-ios.git"

CHECKOUT OPTIONS:
  AEPEventhub:
    :commit: 3c1ab84903f3ffd4a996dff482a7ed0efe945961
    :git: "git@github.com:shalehaha/aepsdk-core-ios.git"
  AEPServices:
    :commit: 3c1ab84903f3ffd4a996dff482a7ed0efe945961
    :git: "git@github.com:shalehaha/aepsdk-core-ios.git"
  SwiftRulesEngine:
    :commit: 467fcc0e046971ce2ed1ca379e50fcc327c8d3a8
    :git: "git@github.com:shalehaha/aepsdk-rulesengine-ios.git"

SPEC CHECKSUMS:
  AEPEventhub: 8eaeada0c25667e9d46c6d982feeece16e66be58
  AEPServices: d6c2385e5a7253cca195360d54051dc73aa31edb
  SwiftRulesEngine: 61ffafd22c9f1d2e09b344fcad15069e362c9ac1

PODFILE CHECKSUM: 2a908b89df4ffd7d4425582a0503980002ab6964

COCOAPODS: 1.9.3
