PODS:
  - AEPEventHub (0.0.1):
    - AEPServices
    - SwiftRulesEngine
  - AEPServices (0.0.1)
  - SwiftRulesEngine (0.0.1)

DEPENDENCIES:
  - "AEPEventHub (from `git@github.com:shalehaha/aepsdk-core-ios.git`, branch `make`)"
  - "AEPServices (from `git@github.com:shalehaha/aepsdk-core-ios.git`, branch `make`)"
  - "SwiftRulesEngine (from `git@github.com:shalehaha/aepsdk-rulesengine-ios.git`, branch `dev`)"

EXTERNAL SOURCES:
  AEPEventHub:
    :branch: make
    :git: "git@github.com:shalehaha/aepsdk-core-ios.git"
  AEPServices:
    :branch: make
    :git: "git@github.com:shalehaha/aepsdk-core-ios.git"
  SwiftRulesEngine:
    :branch: dev
    :git: "git@github.com:shalehaha/aepsdk-rulesengine-ios.git"

CHECKOUT OPTIONS:
  AEPEventHub:
    :commit: f689e047e1244cf755029fb21c932ed86a2ca668
    :git: "git@github.com:shalehaha/aepsdk-core-ios.git"
  AEPServices:
    :commit: f689e047e1244cf755029fb21c932ed86a2ca668
    :git: "git@github.com:shalehaha/aepsdk-core-ios.git"
  SwiftRulesEngine:
    :commit: 467fcc0e046971ce2ed1ca379e50fcc327c8d3a8
    :git: "git@github.com:shalehaha/aepsdk-rulesengine-ios.git"

SPEC CHECKSUMS:
  AEPEventHub: 3abfc2838803b7a303593cb835a1b6ff08f12816
  AEPServices: d6c2385e5a7253cca195360d54051dc73aa31edb
  SwiftRulesEngine: 61ffafd22c9f1d2e09b344fcad15069e362c9ac1

PODFILE CHECKSUM: affb94d7089e0525af26fbb9e1c87cd013a3e860

COCOAPODS: 1.9.3
