PODS:
  - AEPCore (0.0.1):
    - AEPServices
    - SwiftRulesEngine
  - AEPServices (0.0.1)
  - SwiftRulesEngine (0.0.1)

DEPENDENCIES:
  - "AEPCore (from `git@github.com:shalehaha/aepsdk-core-ios.git`, branch `build`)"
  - "AEPServices (from `git@github.com:shalehaha/aepsdk-core-ios.git`, branch `build`)"
  - "SwiftRulesEngine (from `git@github.com:adobe/aepsdk-rulesengine-ios.git`, branch `dev`)"

EXTERNAL SOURCES:
  AEPCore:
    :branch: build
    :git: "git@github.com:shalehaha/aepsdk-core-ios.git"
  AEPServices:
    :branch: build
    :git: "git@github.com:shalehaha/aepsdk-core-ios.git"
  SwiftRulesEngine:
    :branch: dev
    :git: "git@github.com:adobe/aepsdk-rulesengine-ios.git"

CHECKOUT OPTIONS:
  AEPCore:
    :commit: e01e122cabeaf40b63060197222808df0533fa09
    :git: "git@github.com:shalehaha/aepsdk-core-ios.git"
  AEPServices:
    :commit: e01e122cabeaf40b63060197222808df0533fa09
    :git: "git@github.com:shalehaha/aepsdk-core-ios.git"
  SwiftRulesEngine:
    :commit: 49a151ec04e1405fe7a3b97796ac7cfb92490043
    :git: "git@github.com:adobe/aepsdk-rulesengine-ios.git"

SPEC CHECKSUMS:
  AEPCore: f48e648b917ce87693396591c7e845d464fad266
  AEPServices: d6c2385e5a7253cca195360d54051dc73aa31edb
  SwiftRulesEngine: 5b6727f221618ef9a2c84705d563d321451da0cc

PODFILE CHECKSUM: 360577a84bede4f88a5175aa0ae7c00539eb248f

COCOAPODS: 1.9.3
